{
  "name": "npmjs",
  "version": "1.0.0",
  "lockfileVersion": 1,
  "requires": true,
  "dependencies": {
    "date-fns": {
      "version": "2.10.0",
      "resolved": "https://registry.npmjs.org/date-fns/-/date-fns-2.10.0.tgz",
      "integrity": "sha512-EhfEKevYGWhWlZbNeplfhIU/+N+x0iCIx7VzKlXma2EdQyznVlZhCptXUY+BegNpPW2kjdx15Rvq503YcXXrcA==",
      "dev": true
    },
    "moment": {
      "version": "2.24.0",
      "resolved": "https://registry.npmjs.org/moment/-/moment-2.24.0.tgz",
      "integrity": "sha512-bV7f+6l2QigeBBZSM/6yTNq4P2fNpSWj/0e7jQcy87A8e7o2nAfP/34/2ky5Vw4B9S446EtIhodAzkFCcR4dQg=="
    }
  }
}
